
Microsoft Visual Studio Solution File, Format Version 12.00
# Visual Studio Version 16
VisualStudioVersion = 16.0.32602.291
MinimumVisualStudioVersion = 10.0.40219.1
Project("{2150E333-8FDC-42A3-9474-1A3956D46DE8}") = "Feature", "Feature", "{248ADB34-DAB3-4AD2-8879-4828188D0324}"
EndProject
Project("{2150E333-8FDC-42A3-9474-1A3956D46DE8}") = "Foundation", "Foundation", "{E59649B3-A657-4767-BEFB-E799728EED41}"
EndProject
Project("{2150E333-8FDC-42A3-9474-1A3956D46DE8}") = "Project", "Project", "{05D2ECF7-C3A4-4187-8D7B-F7690BC00496}"
EndProject
Project("{2150E333-8FDC-42A3-9474-1A3956D46DE8}") = "Website", "Website", "{C20CAF1A-3B4E-4B00-9195-D93582B31FE5}"
EndProject
Project("{FAE04EC0-301F-11D3-BF4B-00C04F79EFBC}") = "SitecoreCDP.Project.Website", "src\Project\Website\code\SitecoreCDP.Project.Website.csproj", "{16BB5C47-DEAC-47FA-AA7A-FCE4B5932169}"
EndProject
Global
	GlobalSection(SolutionConfigurationPlatforms) = preSolution
		Debug|Any CPU = Debug|Any CPU
		Release|Any CPU = Release|Any CPU
	EndGlobalSection
	GlobalSection(ProjectConfigurationPlatforms) = postSolution
		{16BB5C47-DEAC-47FA-AA7A-FCE4B5932169}.Debug|Any CPU.ActiveCfg = Debug|Any CPU
		{16BB5C47-DEAC-47FA-AA7A-FCE4B5932169}.Debug|Any CPU.Build.0 = Debug|Any CPU
		{16BB5C47-DEAC-47FA-AA7A-FCE4B5932169}.Release|Any CPU.ActiveCfg = Release|Any CPU
		{16BB5C47-DEAC-47FA-AA7A-FCE4B5932169}.Release|Any CPU.Build.0 = Release|Any CPU
	EndGlobalSection
	GlobalSection(SolutionProperties) = preSolution
		HideSolutionNode = FALSE
	EndGlobalSection
	GlobalSection(NestedProjects) = preSolution
		{C20CAF1A-3B4E-4B00-9195-D93582B31FE5} = {05D2ECF7-C3A4-4187-8D7B-F7690BC00496}
		{16BB5C47-DEAC-47FA-AA7A-FCE4B5932169} = {C20CAF1A-3B4E-4B00-9195-D93582B31FE5}
	EndGlobalSection
	GlobalSection(ExtensibilityGlobals) = postSolution
		SolutionGuid = {99872109-52D8-46CD-9EEE-37E3AED88E5F}
	EndGlobalSection
EndGlobal
